
Microsoft Visual Studio Solution File, Format Version 12.00
# Visual Studio Version 17
VisualStudioVersion = 17.8.34511.84
MinimumVisualStudioVersion = 10.0.40219.1
Project("{FAE04EC0-301F-11D3-BF4B-00C04F79EFBC}") = "SpellChecker", "SpellChecker\SpellChecker.csproj", "{8B5D691F-C0F7-4297-B5F5-50D9D8447622}"
EndProject
Global
	GlobalSection(SolutionConfigurationPlatforms) = preSolution
		Debug|Any CPU = Debug|Any CPU
		Release|Any CPU = Release|Any CPU
	EndGlobalSection
	GlobalSection(ProjectConfigurationPlatforms) = postSolution
		{8B5D691F-C0F7-4297-B5F5-50D9D8447622}.Debug|Any CPU.ActiveCfg = Debug|Any CPU
		{8B5D691F-C0F7-4297-B5F5-50D9D8447622}.Debug|Any CPU.Build.0 = Debug|Any CPU
		{8B5D691F-C0F7-4297-B5F5-50D9D8447622}.Release|Any CPU.ActiveCfg = Release|Any CPU
		{8B5D691F-C0F7-4297-B5F5-50D9D8447622}.Release|Any CPU.Build.0 = Release|Any CPU
	EndGlobalSection
	GlobalSection(SolutionProperties) = preSolution
		HideSolutionNode = FALSE
	EndGlobalSection
	GlobalSection(ExtensibilityGlobals) = postSolution
		SolutionGuid = {E0D894A0-1D8D-437D-94CE-B2E63468F652}
	EndGlobalSection
EndGlobal
